
Microsoft Visual Studio Solution File, Format Version 12.00
# Visual Studio Version 16
VisualStudioVersion = 16.0.30717.126
MinimumVisualStudioVersion = 10.0.40219.1
Project("{FAE04EC0-301F-11D3-BF4B-00C04F79EFBC}") = "NativeCache", "NativeCache.csproj", "{595AA78A-A498-4E2E-B00A-8118F6D57644}"
EndProject
Project("{FAE04EC0-301F-11D3-BF4B-00C04F79EFBC}") = "NativeCacheTests", "..\NativeCacheTests\NativeCacheTests.csproj", "{6E50487B-8538-4464-BFD9-E9732EC7E9D5}"
EndProject
Global
	GlobalSection(SolutionConfigurationPlatforms) = preSolution
		Debug|Any CPU = Debug|Any CPU
		Release|Any CPU = Release|Any CPU
	EndGlobalSection
	GlobalSection(ProjectConfigurationPlatforms) = postSolution
		{595AA78A-A498-4E2E-B00A-8118F6D57644}.Debug|Any CPU.ActiveCfg = Debug|Any CPU
		{595AA78A-A498-4E2E-B00A-8118F6D57644}.Debug|Any CPU.Build.0 = Debug|Any CPU
		{595AA78A-A498-4E2E-B00A-8118F6D57644}.Release|Any CPU.ActiveCfg = Release|Any CPU
		{595AA78A-A498-4E2E-B00A-8118F6D57644}.Release|Any CPU.Build.0 = Release|Any CPU
		{6E50487B-8538-4464-BFD9-E9732EC7E9D5}.Debug|Any CPU.ActiveCfg = Debug|Any CPU
		{6E50487B-8538-4464-BFD9-E9732EC7E9D5}.Debug|Any CPU.Build.0 = Debug|Any CPU
		{6E50487B-8538-4464-BFD9-E9732EC7E9D5}.Release|Any CPU.ActiveCfg = Release|Any CPU
		{6E50487B-8538-4464-BFD9-E9732EC7E9D5}.Release|Any CPU.Build.0 = Release|Any CPU
	EndGlobalSection
	GlobalSection(SolutionProperties) = preSolution
		HideSolutionNode = FALSE
	EndGlobalSection
	GlobalSection(ExtensibilityGlobals) = postSolution
		SolutionGuid = {89CB2E88-C374-4DCE-BF76-9A779CF7F45A}
	EndGlobalSection
EndGlobal
